
Microsoft Visual Studio Solution File, Format Version 12.00
# Visual Studio Version 17
VisualStudioVersion = 17.2.32630.192
MinimumVisualStudioVersion = 10.0.40219.1
Project("{FAE04EC0-301F-11D3-BF4B-00C04F79EFBC}") = "WebOperationViewer", "WebOperationViewer\WebOperationViewer.csproj", "{C169C8C1-0870-4E02-8465-675DC113B488}"
EndProject
Global
	GlobalSection(SolutionConfigurationPlatforms) = preSolution
		Debug|Any CPU = Debug|Any CPU
		Release|Any CPU = Release|Any CPU
	EndGlobalSection
	GlobalSection(ProjectConfigurationPlatforms) = postSolution
		{C169C8C1-0870-4E02-8465-675DC113B488}.Debug|Any CPU.ActiveCfg = Debug|Any CPU
		{C169C8C1-0870-4E02-8465-675DC113B488}.Debug|Any CPU.Build.0 = Debug|Any CPU
		{C169C8C1-0870-4E02-8465-675DC113B488}.Release|Any CPU.ActiveCfg = Release|Any CPU
		{C169C8C1-0870-4E02-8465-675DC113B488}.Release|Any CPU.Build.0 = Release|Any CPU
	EndGlobalSection
	GlobalSection(SolutionProperties) = preSolution
		HideSolutionNode = FALSE
	EndGlobalSection
	GlobalSection(ExtensibilityGlobals) = postSolution
		SolutionGuid = {D9B94153-3E32-4CFA-80F9-CA97F85EBB38}
	EndGlobalSection
EndGlobal
